
Microsoft Visual Studio Solution File, Format Version 12.00
# Visual Studio 2013
VisualStudioVersion = 12.0.31101.0
MinimumVisualStudioVersion = 10.0.40219.1
Project("{2150E333-8FDC-42A3-9474-1A3956D46DE8}") = "UI", "UI", "{00DD247B-1096-4C57-A724-FFCA577067ED}"
EndProject
Project("{2150E333-8FDC-42A3-9474-1A3956D46DE8}") = "WebHelper", "WebHelper", "{BD399DFB-9A9C-4657-8970-D4E5F076AD10}"
EndProject
Project("{2150E333-8FDC-42A3-9474-1A3956D46DE8}") = "Provider", "Provider", "{3F006996-A59D-4523-A58B-75636BD57D8E}"
EndProject
Project("{2150E333-8FDC-42A3-9474-1A3956D46DE8}") = "DBUtility", "DBUtility", "{463CC398-407D-46FB-9CDF-7751A5612FDD}"
EndProject
Project("{2150E333-8FDC-42A3-9474-1A3956D46DE8}") = "Cache", "Cache", "{2BD777F4-8107-4F16-816F-6190FCDF15AD}"
EndProject
Project("{2150E333-8FDC-42A3-9474-1A3956D46DE8}") = "DAL", "DAL", "{B20534ED-367E-4CB1-928E-4BA2902ECEB3}"
EndProject
Project("{2150E333-8FDC-42A3-9474-1A3956D46DE8}") = "BLL", "BLL", "{1074F619-11B2-4612-B4CA-B1FD9D6E6DDA}"
EndProject
Project("{2150E333-8FDC-42A3-9474-1A3956D46DE8}") = "IDAL", "IDAL", "{7C8EA171-EFA4-4232-977B-24B19458AF8F}"
EndProject
Project("{2150E333-8FDC-42A3-9474-1A3956D46DE8}") = "Model", "Model", "{C9394F79-3A14-45A1-82B4-4F8C323F625A}"
EndProject
Project("{2150E333-8FDC-42A3-9474-1A3956D46DE8}") = "DALFactory", "DALFactory", "{7179F820-128C-46C0-A8F7-CC410092702F}"
EndProject
Project("{2150E333-8FDC-42A3-9474-1A3956D46DE8}") = "MSMQ", "MSMQ", "{5E92568F-4040-4205-855D-BA7DD03824D3}"
EndProject
Project("{2150E333-8FDC-42A3-9474-1A3956D46DE8}") = "Email", "Email", "{A72A3D7A-CC7A-4C33-BD61-2A4AEFA5E69F}"
EndProject
Project("{2150E333-8FDC-42A3-9474-1A3956D46DE8}") = "Thread", "Thread", "{B8E14C2F-C54F-41AA-A281-E9F6A7073E4E}"
EndProject
Project("{2150E333-8FDC-42A3-9474-1A3956D46DE8}") = "Service", "Service", "{25D5C6E8-8058-432F-B80F-3E17D909933E}"
EndProject
Project("{FAE04EC0-301F-11D3-BF4B-00C04F79EFBC}") = "Web", "Web\Web.csproj", "{3D1F8B12-DEC3-4453-955D-6BEA2878F46A}"
EndProject
Project("{FAE04EC0-301F-11D3-BF4B-00C04F79EFBC}") = "WebHelper", "WebHelper\WebHelper.csproj", "{B5E5353F-037B-49E7-BD00-70557DB08B2F}"
EndProject
Project("{FAE04EC0-301F-11D3-BF4B-00C04F79EFBC}") = "CustomProvider", "CustomProvider\CustomProvider.csproj", "{691037EC-8D84-488E-ADD3-205759982458}"
EndProject
Project("{FAE04EC0-301F-11D3-BF4B-00C04F79EFBC}") = "DBUtility", "DBUtility\DBUtility.csproj", "{2370789E-6B67-47AB-86C7-15B95055F269}"
EndProject
Project("{FAE04EC0-301F-11D3-BF4B-00C04F79EFBC}") = "Model", "Model\Model.csproj", "{BD840EB2-A60D-4985-BEC4-491574A32BA6}"
EndProject
Project("{FAE04EC0-301F-11D3-BF4B-00C04F79EFBC}") = "IDAL", "IDAL\IDAL.csproj", "{9ACA238B-F7AB-473C-B296-6851D018747A}"
EndProject
Project("{FAE04EC0-301F-11D3-BF4B-00C04F79EFBC}") = "DAL.MsSqlProvider", "DAL.MsSqlProvider\DAL.MsSqlProvider.csproj", "{D0CFE31A-F8E7-4D03-BBD7-0586C57E7AD3}"
EndProject
Project("{FAE04EC0-301F-11D3-BF4B-00C04F79EFBC}") = "DALFactory", "DALFactory\DALFactory.csproj", "{D13AF668-0883-41AD-A727-4D05986C5072}"
EndProject
Project("{FAE04EC0-301F-11D3-BF4B-00C04F79EFBC}") = "BLL", "BLL\BLL.csproj", "{F67A4F66-E223-4C8A-AF55-66069F574D94}"
EndProject
Project("{FAE04EC0-301F-11D3-BF4B-00C04F79EFBC}") = "DAL.XmlProvider", "DAL.XmlProvider\DAL.XmlProvider.csproj", "{78A9B48F-A929-42B7-9C32-52F614233D7C}"
EndProject
Project("{FAE04EC0-301F-11D3-BF4B-00C04F79EFBC}") = "IMessaging", "IMessaging\IMessaging.csproj", "{516CBA7E-B7F6-4009-8283-9137DB6EFD92}"
EndProject
Project("{FAE04EC0-301F-11D3-BF4B-00C04F79EFBC}") = "IBLLStrategy", "IBLLStrategy\IBLLStrategy.csproj", "{28B9F59F-DC90-455E-BB70-18619768BE6E}"
EndProject
Project("{FAE04EC0-301F-11D3-BF4B-00C04F79EFBC}") = "MessagingFactory", "MessagingFactory\MessagingFactory.csproj", "{17D75892-2DA2-4D81-B74F-3E5C5D2C9A95}"
EndProject
Project("{FAE04EC0-301F-11D3-BF4B-00C04F79EFBC}") = "MsmqMessaging", "MsmqMessaging\MsmqMessaging.csproj", "{8C8BCF26-6CB9-4A9F-916A-4AFD2E311073}"
EndProject
Project("{FAE04EC0-301F-11D3-BF4B-00C04F79EFBC}") = "MailUtility", "MailUtility\MailUtility.csproj", "{90EFB6D5-1941-4FBC-8078-0E48A847DF1B}"
EndProject
Project("{FAE04EC0-301F-11D3-BF4B-00C04F79EFBC}") = "ThreadProcessor", "ThreadProcessor\ThreadProcessor.csproj", "{B3B72DBE-4647-4294-9C23-1A4B3C4DB2F1}"
EndProject
Project("{FAE04EC0-301F-11D3-BF4B-00C04F79EFBC}") = "CA_Processor", "CA_Processor\CA_Processor.csproj", "{443A1809-AD87-43C2-BC4C-629959C36823}"
EndProject
Project("{FAE04EC0-301F-11D3-BF4B-00C04F79EFBC}") = "WS_Processor", "WS_Processor\WS_Processor.csproj", "{E42FAF9C-54CF-4796-8166-5F13EAFA0B2C}"
EndProject
Project("{54435603-DBB4-11D2-8724-00A0C9A8B90C}") = "WS_ProcessorSetup", "WS_ProcessorSetup\WS_ProcessorSetup.vdproj", "{36B00D92-CBD8-4EE2-B8B0-8AD07B81F20B}"
EndProject
Project("{FAE04EC0-301F-11D3-BF4B-00C04F79EFBC}") = "ICacheDependency", "ICacheDependency\ICacheDependency.csproj", "{46FE4BAA-C26B-4471-ABE4-43232F78C4C4}"
EndProject
Project("{FAE04EC0-301F-11D3-BF4B-00C04F79EFBC}") = "TableCacheDependency", "TableCacheDependency\TableCacheDependency.csproj", "{CB93D68C-9154-4550-8A64-A4D841EAC04F}"
EndProject
Project("{FAE04EC0-301F-11D3-BF4B-00C04F79EFBC}") = "CacheDependencyFactory", "CacheDependencyFactory\CacheDependencyFactory.csproj", "{A41600F6-98E0-4A39-AC59-BE47ACA42BEB}"
EndProject
Project("{FAE04EC0-301F-11D3-BF4B-00C04F79EFBC}") = "WCFService", "WCFService\WCFService.csproj", "{A58FABD3-0EA8-4DF8-92B2-874120A97B24}"
EndProject
Project("{FAE04EC0-301F-11D3-BF4B-00C04F79EFBC}") = "WCFClient", "WCFClient\WCFClient.csproj", "{E903F768-4B48-4447-B756-77F8BEFE843D}"
EndProject
Global
	GlobalSection(SolutionConfigurationPlatforms) = preSolution
		Debug|Any CPU = Debug|Any CPU
		Debug|Mixed Platforms = Debug|Mixed Platforms
		Debug|x86 = Debug|x86
		Release|Any CPU = Release|Any CPU
		Release|Mixed Platforms = Release|Mixed Platforms
		Release|x86 = Release|x86
	EndGlobalSection
	GlobalSection(ProjectConfigurationPlatforms) = postSolution
		{3D1F8B12-DEC3-4453-955D-6BEA2878F46A}.Debug|Any CPU.ActiveCfg = Debug|Any CPU
		{3D1F8B12-DEC3-4453-955D-6BEA2878F46A}.Debug|Any CPU.Build.0 = Debug|Any CPU
		{3D1F8B12-DEC3-4453-955D-6BEA2878F46A}.Debug|Mixed Platforms.ActiveCfg = Debug|Any CPU
		{3D1F8B12-DEC3-4453-955D-6BEA2878F46A}.Debug|Mixed Platforms.Build.0 = Debug|Any CPU
		{3D1F8B12-DEC3-4453-955D-6BEA2878F46A}.Debug|x86.ActiveCfg = Debug|Any CPU
		{3D1F8B12-DEC3-4453-955D-6BEA2878F46A}.Release|Any CPU.ActiveCfg = Release|Any CPU
		{3D1F8B12-DEC3-4453-955D-6BEA2878F46A}.Release|Any CPU.Build.0 = Release|Any CPU
		{3D1F8B12-DEC3-4453-955D-6BEA2878F46A}.Release|Mixed Platforms.ActiveCfg = Release|Any CPU
		{3D1F8B12-DEC3-4453-955D-6BEA2878F46A}.Release|Mixed Platforms.Build.0 = Release|Any CPU
		{3D1F8B12-DEC3-4453-955D-6BEA2878F46A}.Release|x86.ActiveCfg = Release|Any CPU
		{B5E5353F-037B-49E7-BD00-70557DB08B2F}.Debug|Any CPU.ActiveCfg = Debug|Any CPU
		{B5E5353F-037B-49E7-BD00-70557DB08B2F}.Debug|Any CPU.Build.0 = Debug|Any CPU
		{B5E5353F-037B-49E7-BD00-70557DB08B2F}.Debug|Mixed Platforms.ActiveCfg = Debug|Any CPU
		{B5E5353F-037B-49E7-BD00-70557DB08B2F}.Debug|Mixed Platforms.Build.0 = Debug|Any CPU
		{B5E5353F-037B-49E7-BD00-70557DB08B2F}.Debug|x86.ActiveCfg = Debug|Any CPU
		{B5E5353F-037B-49E7-BD00-70557DB08B2F}.Release|Any CPU.ActiveCfg = Release|Any CPU
		{B5E5353F-037B-49E7-BD00-70557DB08B2F}.Release|Any CPU.Build.0 = Release|Any CPU
		{B5E5353F-037B-49E7-BD00-70557DB08B2F}.Release|Mixed Platforms.ActiveCfg = Release|Any CPU
		{B5E5353F-037B-49E7-BD00-70557DB08B2F}.Release|Mixed Platforms.Build.0 = Release|Any CPU
		{B5E5353F-037B-49E7-BD00-70557DB08B2F}.Release|x86.ActiveCfg = Release|Any CPU
		{691037EC-8D84-488E-ADD3-205759982458}.Debug|Any CPU.ActiveCfg = Debug|Any CPU
		{691037EC-8D84-488E-ADD3-205759982458}.Debug|Any CPU.Build.0 = Debug|Any CPU
		{691037EC-8D84-488E-ADD3-205759982458}.Debug|Mixed Platforms.ActiveCfg = Debug|Any CPU
		{691037EC-8D84-488E-ADD3-205759982458}.Debug|Mixed Platforms.Build.0 = Debug|Any CPU
		{691037EC-8D84-488E-ADD3-205759982458}.Debug|x86.ActiveCfg = Debug|Any CPU
		{691037EC-8D84-488E-ADD3-205759982458}.Release|Any CPU.ActiveCfg = Release|Any CPU
		{691037EC-8D84-488E-ADD3-205759982458}.Release|Any CPU.Build.0 = Release|Any CPU
		{691037EC-8D84-488E-ADD3-205759982458}.Release|Mixed Platforms.ActiveCfg = Release|Any CPU
		{691037EC-8D84-488E-ADD3-205759982458}.Release|Mixed Platforms.Build.0 = Release|Any CPU
		{691037EC-8D84-488E-ADD3-205759982458}.Release|x86.ActiveCfg = Release|Any CPU
		{2370789E-6B67-47AB-86C7-15B95055F269}.Debug|Any CPU.ActiveCfg = Debug|Any CPU
		{2370789E-6B67-47AB-86C7-15B95055F269}.Debug|Any CPU.Build.0 = Debug|Any CPU
		{2370789E-6B67-47AB-86C7-15B95055F269}.Debug|Mixed Platforms.ActiveCfg = Debug|Any CPU
		{2370789E-6B67-47AB-86C7-15B95055F269}.Debug|Mixed Platforms.Build.0 = Debug|Any CPU
		{2370789E-6B67-47AB-86C7-15B95055F269}.Debug|x86.ActiveCfg = Debug|Any CPU
		{2370789E-6B67-47AB-86C7-15B95055F269}.Release|Any CPU.ActiveCfg = Release|Any CPU
		{2370789E-6B67-47AB-86C7-15B95055F269}.Release|Any CPU.Build.0 = Release|Any CPU
		{2370789E-6B67-47AB-86C7-15B95055F269}.Release|Mixed Platforms.ActiveCfg = Release|Any CPU
		{2370789E-6B67-47AB-86C7-15B95055F269}.Release|Mixed Platforms.Build.0 = Release|Any CPU
		{2370789E-6B67-47AB-86C7-15B95055F269}.Release|x86.ActiveCfg = Release|Any CPU
		{BD840EB2-A60D-4985-BEC4-491574A32BA6}.Debug|Any CPU.ActiveCfg = Debug|Any CPU
		{BD840EB2-A60D-4985-BEC4-491574A32BA6}.Debug|Any CPU.Build.0 = Debug|Any CPU
		{BD840EB2-A60D-4985-BEC4-491574A32BA6}.Debug|Mixed Platforms.ActiveCfg = Debug|Any CPU
		{BD840EB2-A60D-4985-BEC4-491574A32BA6}.Debug|Mixed Platforms.Build.0 = Debug|Any CPU
		{BD840EB2-A60D-4985-BEC4-491574A32BA6}.Debug|x86.ActiveCfg = Debug|Any CPU
		{BD840EB2-A60D-4985-BEC4-491574A32BA6}.Release|Any CPU.ActiveCfg = Release|Any CPU
		{BD840EB2-A60D-4985-BEC4-491574A32BA6}.Release|Any CPU.Build.0 = Release|Any CPU
		{BD840EB2-A60D-4985-BEC4-491574A32BA6}.Release|Mixed Platforms.ActiveCfg = Release|Any CPU
		{BD840EB2-A60D-4985-BEC4-491574A32BA6}.Release|Mixed Platforms.Build.0 = Release|Any CPU
		{BD840EB2-A60D-4985-BEC4-491574A32BA6}.Release|x86.ActiveCfg = Release|Any CPU
		{9ACA238B-F7AB-473C-B296-6851D018747A}.Debug|Any CPU.ActiveCfg = Debug|Any CPU
		{9ACA238B-F7AB-473C-B296-6851D018747A}.Debug|Any CPU.Build.0 = Debug|Any CPU
		{9ACA238B-F7AB-473C-B296-6851D018747A}.Debug|Mixed Platforms.ActiveCfg = Debug|Any CPU
		{9ACA238B-F7AB-473C-B296-6851D018747A}.Debug|Mixed Platforms.Build.0 = Debug|Any CPU
		{9ACA238B-F7AB-473C-B296-6851D018747A}.Debug|x86.ActiveCfg = Debug|Any CPU
		{9ACA238B-F7AB-473C-B296-6851D018747A}.Release|Any CPU.ActiveCfg = Release|Any CPU
		{9ACA238B-F7AB-473C-B296-6851D018747A}.Release|Any CPU.Build.0 = Release|Any CPU
		{9ACA238B-F7AB-473C-B296-6851D018747A}.Release|Mixed Platforms.ActiveCfg = Release|Any CPU
		{9ACA238B-F7AB-473C-B296-6851D018747A}.Release|Mixed Platforms.Build.0 = Release|Any CPU
		{9ACA238B-F7AB-473C-B296-6851D018747A}.Release|x86.ActiveCfg = Release|Any CPU
		{D0CFE31A-F8E7-4D03-BBD7-0586C57E7AD3}.Debug|Any CPU.ActiveCfg = Debug|Any CPU
		{D0CFE31A-F8E7-4D03-BBD7-0586C57E7AD3}.Debug|Any CPU.Build.0 = Debug|Any CPU
		{D0CFE31A-F8E7-4D03-BBD7-0586C57E7AD3}.Debug|Mixed Platforms.ActiveCfg = Debug|Any CPU
		{D0CFE31A-F8E7-4D03-BBD7-0586C57E7AD3}.Debug|Mixed Platforms.Build.0 = Debug|Any CPU
		{D0CFE31A-F8E7-4D03-BBD7-0586C57E7AD3}.Debug|x86.ActiveCfg = Debug|Any CPU
		{D0CFE31A-F8E7-4D03-BBD7-0586C57E7AD3}.Release|Any CPU.ActiveCfg = Release|Any CPU
		{D0CFE31A-F8E7-4D03-BBD7-0586C57E7AD3}.Release|Any CPU.Build.0 = Release|Any CPU
		{D0CFE31A-F8E7-4D03-BBD7-0586C57E7AD3}.Release|Mixed Platforms.ActiveCfg = Release|Any CPU
		{D0CFE31A-F8E7-4D03-BBD7-0586C57E7AD3}.Release|Mixed Platforms.Build.0 = Release|Any CPU
		{D0CFE31A-F8E7-4D03-BBD7-0586C57E7AD3}.Release|x86.ActiveCfg = Release|Any CPU
		{D13AF668-0883-41AD-A727-4D05986C5072}.Debug|Any CPU.ActiveCfg = Debug|Any CPU
		{D13AF668-0883-41AD-A727-4D05986C5072}.Debug|Any CPU.Build.0 = Debug|Any CPU
		{D13AF668-0883-41AD-A727-4D05986C5072}.Debug|Mixed Platforms.ActiveCfg = Debug|Any CPU
		{D13AF668-0883-41AD-A727-4D05986C5072}.Debug|Mixed Platforms.Build.0 = Debug|Any CPU
		{D13AF668-0883-41AD-A727-4D05986C5072}.Debug|x86.ActiveCfg = Debug|Any CPU
		{D13AF668-0883-41AD-A727-4D05986C5072}.Release|Any CPU.ActiveCfg = Release|Any CPU
		{D13AF668-0883-41AD-A727-4D05986C5072}.Release|Any CPU.Build.0 = Release|Any CPU
		{D13AF668-0883-41AD-A727-4D05986C5072}.Release|Mixed Platforms.ActiveCfg = Release|Any CPU
		{D13AF668-0883-41AD-A727-4D05986C5072}.Release|Mixed Platforms.Build.0 = Release|Any CPU
		{D13AF668-0883-41AD-A727-4D05986C5072}.Release|x86.ActiveCfg = Release|Any CPU
		{F67A4F66-E223-4C8A-AF55-66069F574D94}.Debug|Any CPU.ActiveCfg = Debug|Any CPU
		{F67A4F66-E223-4C8A-AF55-66069F574D94}.Debug|Any CPU.Build.0 = Debug|Any CPU
		{F67A4F66-E223-4C8A-AF55-66069F574D94}.Debug|Mixed Platforms.ActiveCfg = Debug|Any CPU
		{F67A4F66-E223-4C8A-AF55-66069F574D94}.Debug|Mixed Platforms.Build.0 = Debug|Any CPU
		{F67A4F66-E223-4C8A-AF55-66069F574D94}.Debug|x86.ActiveCfg = Debug|Any CPU
		{F67A4F66-E223-4C8A-AF55-66069F574D94}.Release|Any CPU.ActiveCfg = Release|Any CPU
		{F67A4F66-E223-4C8A-AF55-66069F574D94}.Release|Any CPU.Build.0 = Release|Any CPU
		{F67A4F66-E223-4C8A-AF55-66069F574D94}.Release|Mixed Platforms.ActiveCfg = Release|Any CPU
		{F67A4F66-E223-4C8A-AF55-66069F574D94}.Release|Mixed Platforms.Build.0 = Release|Any CPU
		{F67A4F66-E223-4C8A-AF55-66069F574D94}.Release|x86.ActiveCfg = Release|Any CPU
		{78A9B48F-A929-42B7-9C32-52F614233D7C}.Debug|Any CPU.ActiveCfg = Debug|Any CPU
		{78A9B48F-A929-42B7-9C32-52F614233D7C}.Debug|Any CPU.Build.0 = Debug|Any CPU
		{78A9B48F-A929-42B7-9C32-52F614233D7C}.Debug|Mixed Platforms.ActiveCfg = Debug|Any CPU
		{78A9B48F-A929-42B7-9C32-52F614233D7C}.Debug|Mixed Platforms.Build.0 = Debug|Any CPU
		{78A9B48F-A929-42B7-9C32-52F614233D7C}.Debug|x86.ActiveCfg = Debug|Any CPU
		{78A9B48F-A929-42B7-9C32-52F614233D7C}.Release|Any CPU.ActiveCfg = Release|Any CPU
		{78A9B48F-A929-42B7-9C32-52F614233D7C}.Release|Any CPU.Build.0 = Release|Any CPU
		{78A9B48F-A929-42B7-9C32-52F614233D7C}.Release|Mixed Platforms.ActiveCfg = Release|Any CPU
		{78A9B48F-A929-42B7-9C32-52F614233D7C}.Release|Mixed Platforms.Build.0 = Release|Any CPU
		{78A9B48F-A929-42B7-9C32-52F614233D7C}.Release|x86.ActiveCfg = Release|Any CPU
		{516CBA7E-B7F6-4009-8283-9137DB6EFD92}.Debug|Any CPU.ActiveCfg = Debug|Any CPU
		{516CBA7E-B7F6-4009-8283-9137DB6EFD92}.Debug|Any CPU.Build.0 = Debug|Any CPU
		{516CBA7E-B7F6-4009-8283-9137DB6EFD92}.Debug|Mixed Platforms.ActiveCfg = Debug|Any CPU
		{516CBA7E-B7F6-4009-8283-9137DB6EFD92}.Debug|Mixed Platforms.Build.0 = Debug|Any CPU
		{516CBA7E-B7F6-4009-8283-9137DB6EFD92}.Debug|x86.ActiveCfg = Debug|Any CPU
		{516CBA7E-B7F6-4009-8283-9137DB6EFD92}.Release|Any CPU.ActiveCfg = Release|Any CPU
		{516CBA7E-B7F6-4009-8283-9137DB6EFD92}.Release|Any CPU.Build.0 = Release|Any CPU
		{516CBA7E-B7F6-4009-8283-9137DB6EFD92}.Release|Mixed Platforms.ActiveCfg = Release|Any CPU
		{516CBA7E-B7F6-4009-8283-9137DB6EFD92}.Release|Mixed Platforms.Build.0 = Release|Any CPU
		{516CBA7E-B7F6-4009-8283-9137DB6EFD92}.Release|x86.ActiveCfg = Release|Any CPU
		{28B9F59F-DC90-455E-BB70-18619768BE6E}.Debug|Any CPU.ActiveCfg = Debug|Any CPU
		{28B9F59F-DC90-455E-BB70-18619768BE6E}.Debug|Any CPU.Build.0 = Debug|Any CPU
		{28B9F59F-DC90-455E-BB70-18619768BE6E}.Debug|Mixed Platforms.ActiveCfg = Debug|Any CPU
		{28B9F59F-DC90-455E-BB70-18619768BE6E}.Debug|Mixed Platforms.Build.0 = Debug|Any CPU
		{28B9F59F-DC90-455E-BB70-18619768BE6E}.Debug|x86.ActiveCfg = Debug|Any CPU
		{28B9F59F-DC90-455E-BB70-18619768BE6E}.Release|Any CPU.ActiveCfg = Release|Any CPU
		{28B9F59F-DC90-455E-BB70-18619768BE6E}.Release|Any CPU.Build.0 = Release|Any CPU
		{28B9F59F-DC90-455E-BB70-18619768BE6E}.Release|Mixed Platforms.ActiveCfg = Release|Any CPU
		{28B9F59F-DC90-455E-BB70-18619768BE6E}.Release|Mixed Platforms.Build.0 = Release|Any CPU
		{28B9F59F-DC90-455E-BB70-18619768BE6E}.Release|x86.ActiveCfg = Release|Any CPU
		{17D75892-2DA2-4D81-B74F-3E5C5D2C9A95}.Debug|Any CPU.ActiveCfg = Debug|Any CPU
		{17D75892-2DA2-4D81-B74F-3E5C5D2C9A95}.Debug|Any CPU.Build.0 = Debug|Any CPU
		{17D75892-2DA2-4D81-B74F-3E5C5D2C9A95}.Debug|Mixed Platforms.ActiveCfg = Debug|Any CPU
		{17D75892-2DA2-4D81-B74F-3E5C5D2C9A95}.Debug|Mixed Platforms.Build.0 = Debug|Any CPU
		{17D75892-2DA2-4D81-B74F-3E5C5D2C9A95}.Debug|x86.ActiveCfg = Debug|Any CPU
		{17D75892-2DA2-4D81-B74F-3E5C5D2C9A95}.Release|Any CPU.ActiveCfg = Release|Any CPU
		{17D75892-2DA2-4D81-B74F-3E5C5D2C9A95}.Release|Any CPU.Build.0 = Release|Any CPU
		{17D75892-2DA2-4D81-B74F-3E5C5D2C9A95}.Release|Mixed Platforms.ActiveCfg = Release|Any CPU
		{17D75892-2DA2-4D81-B74F-3E5C5D2C9A95}.Release|Mixed Platforms.Build.0 = Release|Any CPU
		{17D75892-2DA2-4D81-B74F-3E5C5D2C9A95}.Release|x86.ActiveCfg = Release|Any CPU
		{8C8BCF26-6CB9-4A9F-916A-4AFD2E311073}.Debug|Any CPU.ActiveCfg = Debug|Any CPU
		{8C8BCF26-6CB9-4A9F-916A-4AFD2E311073}.Debug|Any CPU.Build.0 = Debug|Any CPU
		{8C8BCF26-6CB9-4A9F-916A-4AFD2E311073}.Debug|Mixed Platforms.ActiveCfg = Debug|Any CPU
		{8C8BCF26-6CB9-4A9F-916A-4AFD2E311073}.Debug|Mixed Platforms.Build.0 = Debug|Any CPU
		{8C8BCF26-6CB9-4A9F-916A-4AFD2E311073}.Debug|x86.ActiveCfg = Debug|Any CPU
		{8C8BCF26-6CB9-4A9F-916A-4AFD2E311073}.Release|Any CPU.ActiveCfg = Release|Any CPU
		{8C8BCF26-6CB9-4A9F-916A-4AFD2E311073}.Release|Any CPU.Build.0 = Release|Any CPU
		{8C8BCF26-6CB9-4A9F-916A-4AFD2E311073}.Release|Mixed Platforms.ActiveCfg = Release|Any CPU
		{8C8BCF26-6CB9-4A9F-916A-4AFD2E311073}.Release|Mixed Platforms.Build.0 = Release|Any CPU
		{8C8BCF26-6CB9-4A9F-916A-4AFD2E311073}.Release|x86.ActiveCfg = Release|Any CPU
		{90EFB6D5-1941-4FBC-8078-0E48A847DF1B}.Debug|Any CPU.ActiveCfg = Debug|Any CPU
		{90EFB6D5-1941-4FBC-8078-0E48A847DF1B}.Debug|Any CPU.Build.0 = Debug|Any CPU
		{90EFB6D5-1941-4FBC-8078-0E48A847DF1B}.Debug|Mixed Platforms.ActiveCfg = Debug|Any CPU
		{90EFB6D5-1941-4FBC-8078-0E48A847DF1B}.Debug|Mixed Platforms.Build.0 = Debug|Any CPU
		{90EFB6D5-1941-4FBC-8078-0E48A847DF1B}.Debug|x86.ActiveCfg = Debug|Any CPU
		{90EFB6D5-1941-4FBC-8078-0E48A847DF1B}.Release|Any CPU.ActiveCfg = Release|Any CPU
		{90EFB6D5-1941-4FBC-8078-0E48A847DF1B}.Release|Any CPU.Build.0 = Release|Any CPU
		{90EFB6D5-1941-4FBC-8078-0E48A847DF1B}.Release|Mixed Platforms.ActiveCfg = Release|Any CPU
		{90EFB6D5-1941-4FBC-8078-0E48A847DF1B}.Release|Mixed Platforms.Build.0 = Release|Any CPU
		{90EFB6D5-1941-4FBC-8078-0E48A847DF1B}.Release|x86.ActiveCfg = Release|Any CPU
		{B3B72DBE-4647-4294-9C23-1A4B3C4DB2F1}.Debug|Any CPU.ActiveCfg = Debug|Any CPU
		{B3B72DBE-4647-4294-9C23-1A4B3C4DB2F1}.Debug|Any CPU.Build.0 = Debug|Any CPU
		{B3B72DBE-4647-4294-9C23-1A4B3C4DB2F1}.Debug|Mixed Platforms.ActiveCfg = Debug|Any CPU
		{B3B72DBE-4647-4294-9C23-1A4B3C4DB2F1}.Debug|Mixed Platforms.Build.0 = Debug|Any CPU
		{B3B72DBE-4647-4294-9C23-1A4B3C4DB2F1}.Debug|x86.ActiveCfg = Debug|Any CPU
		{B3B72DBE-4647-4294-9C23-1A4B3C4DB2F1}.Release|Any CPU.ActiveCfg = Release|Any CPU
		{B3B72DBE-4647-4294-9C23-1A4B3C4DB2F1}.Release|Any CPU.Build.0 = Release|Any CPU
		{B3B72DBE-4647-4294-9C23-1A4B3C4DB2F1}.Release|Mixed Platforms.ActiveCfg = Release|Any CPU
		{B3B72DBE-4647-4294-9C23-1A4B3C4DB2F1}.Release|Mixed Platforms.Build.0 = Release|Any CPU
		{B3B72DBE-4647-4294-9C23-1A4B3C4DB2F1}.Release|x86.ActiveCfg = Release|Any CPU
		{443A1809-AD87-43C2-BC4C-629959C36823}.Debug|Any CPU.ActiveCfg = Debug|x86
		{443A1809-AD87-43C2-BC4C-629959C36823}.Debug|Mixed Platforms.ActiveCfg = Debug|x86
		{443A1809-AD87-43C2-BC4C-629959C36823}.Debug|Mixed Platforms.Build.0 = Debug|x86
		{443A1809-AD87-43C2-BC4C-629959C36823}.Debug|x86.ActiveCfg = Debug|x86
		{443A1809-AD87-43C2-BC4C-629959C36823}.Debug|x86.Build.0 = Debug|x86
		{443A1809-AD87-43C2-BC4C-629959C36823}.Release|Any CPU.ActiveCfg = Release|x86
		{443A1809-AD87-43C2-BC4C-629959C36823}.Release|Mixed Platforms.ActiveCfg = Release|x86
		{443A1809-AD87-43C2-BC4C-629959C36823}.Release|Mixed Platforms.Build.0 = Release|x86
		{443A1809-AD87-43C2-BC4C-629959C36823}.Release|x86.ActiveCfg = Release|x86
		{443A1809-AD87-43C2-BC4C-629959C36823}.Release|x86.Build.0 = Release|x86
		{E42FAF9C-54CF-4796-8166-5F13EAFA0B2C}.Debug|Any CPU.ActiveCfg = Debug|x86
		{E42FAF9C-54CF-4796-8166-5F13EAFA0B2C}.Debug|Mixed Platforms.ActiveCfg = Debug|x86
		{E42FAF9C-54CF-4796-8166-5F13EAFA0B2C}.Debug|Mixed Platforms.Build.0 = Debug|x86
		{E42FAF9C-54CF-4796-8166-5F13EAFA0B2C}.Debug|x86.ActiveCfg = Debug|x86
		{E42FAF9C-54CF-4796-8166-5F13EAFA0B2C}.Debug|x86.Build.0 = Debug|x86
		{E42FAF9C-54CF-4796-8166-5F13EAFA0B2C}.Release|Any CPU.ActiveCfg = Release|x86
		{E42FAF9C-54CF-4796-8166-5F13EAFA0B2C}.Release|Mixed Platforms.ActiveCfg = Release|x86
		{E42FAF9C-54CF-4796-8166-5F13EAFA0B2C}.Release|Mixed Platforms.Build.0 = Release|x86
		{E42FAF9C-54CF-4796-8166-5F13EAFA0B2C}.Release|x86.ActiveCfg = Release|x86
		{E42FAF9C-54CF-4796-8166-5F13EAFA0B2C}.Release|x86.Build.0 = Release|x86
		{36B00D92-CBD8-4EE2-B8B0-8AD07B81F20B}.Debug|Any CPU.ActiveCfg = Debug
		{36B00D92-CBD8-4EE2-B8B0-8AD07B81F20B}.Debug|Mixed Platforms.ActiveCfg = Debug
		{36B00D92-CBD8-4EE2-B8B0-8AD07B81F20B}.Debug|x86.ActiveCfg = Debug
		{36B00D92-CBD8-4EE2-B8B0-8AD07B81F20B}.Release|Any CPU.ActiveCfg = Release
		{36B00D92-CBD8-4EE2-B8B0-8AD07B81F20B}.Release|Mixed Platforms.ActiveCfg = Release
		{36B00D92-CBD8-4EE2-B8B0-8AD07B81F20B}.Release|x86.ActiveCfg = Release
		{46FE4BAA-C26B-4471-ABE4-43232F78C4C4}.Debug|Any CPU.ActiveCfg = Debug|Any CPU
		{46FE4BAA-C26B-4471-ABE4-43232F78C4C4}.Debug|Any CPU.Build.0 = Debug|Any CPU
		{46FE4BAA-C26B-4471-ABE4-43232F78C4C4}.Debug|Mixed Platforms.ActiveCfg = Debug|Any CPU
		{46FE4BAA-C26B-4471-ABE4-43232F78C4C4}.Debug|Mixed Platforms.Build.0 = Debug|Any CPU
		{46FE4BAA-C26B-4471-ABE4-43232F78C4C4}.Debug|x86.ActiveCfg = Debug|Any CPU
		{46FE4BAA-C26B-4471-ABE4-43232F78C4C4}.Release|Any CPU.ActiveCfg = Release|Any CPU
		{46FE4BAA-C26B-4471-ABE4-43232F78C4C4}.Release|Any CPU.Build.0 = Release|Any CPU
		{46FE4BAA-C26B-4471-ABE4-43232F78C4C4}.Release|Mixed Platforms.ActiveCfg = Release|Any CPU
		{46FE4BAA-C26B-4471-ABE4-43232F78C4C4}.Release|Mixed Platforms.Build.0 = Release|Any CPU
		{46FE4BAA-C26B-4471-ABE4-43232F78C4C4}.Release|x86.ActiveCfg = Release|Any CPU
		{CB93D68C-9154-4550-8A64-A4D841EAC04F}.Debug|Any CPU.ActiveCfg = Debug|Any CPU
		{CB93D68C-9154-4550-8A64-A4D841EAC04F}.Debug|Any CPU.Build.0 = Debug|Any CPU
		{CB93D68C-9154-4550-8A64-A4D841EAC04F}.Debug|Mixed Platforms.ActiveCfg = Debug|Any CPU
		{CB93D68C-9154-4550-8A64-A4D841EAC04F}.Debug|Mixed Platforms.Build.0 = Debug|Any CPU
		{CB93D68C-9154-4550-8A64-A4D841EAC04F}.Debug|x86.ActiveCfg = Debug|Any CPU
		{CB93D68C-9154-4550-8A64-A4D841EAC04F}.Release|Any CPU.ActiveCfg = Release|Any CPU
		{CB93D68C-9154-4550-8A64-A4D841EAC04F}.Release|Any CPU.Build.0 = Release|Any CPU
		{CB93D68C-9154-4550-8A64-A4D841EAC04F}.Release|Mixed Platforms.ActiveCfg = Release|Any CPU
		{CB93D68C-9154-4550-8A64-A4D841EAC04F}.Release|Mixed Platforms.Build.0 = Release|Any CPU
		{CB93D68C-9154-4550-8A64-A4D841EAC04F}.Release|x86.ActiveCfg = Release|Any CPU
		{A41600F6-98E0-4A39-AC59-BE47ACA42BEB}.Debug|Any CPU.ActiveCfg = Debug|Any CPU
		{A41600F6-98E0-4A39-AC59-BE47ACA42BEB}.Debug|Any CPU.Build.0 = Debug|Any CPU
		{A41600F6-98E0-4A39-AC59-BE47ACA42BEB}.Debug|Mixed Platforms.ActiveCfg = Debug|Any CPU
		{A41600F6-98E0-4A39-AC59-BE47ACA42BEB}.Debug|Mixed Platforms.Build.0 = Debug|Any CPU
		{A41600F6-98E0-4A39-AC59-BE47ACA42BEB}.Debug|x86.ActiveCfg = Debug|Any CPU
		{A41600F6-98E0-4A39-AC59-BE47ACA42BEB}.Release|Any CPU.ActiveCfg = Release|Any CPU
		{A41600F6-98E0-4A39-AC59-BE47ACA42BEB}.Release|Any CPU.Build.0 = Release|Any CPU
		{A41600F6-98E0-4A39-AC59-BE47ACA42BEB}.Release|Mixed Platforms.ActiveCfg = Release|Any CPU
		{A41600F6-98E0-4A39-AC59-BE47ACA42BEB}.Release|Mixed Platforms.Build.0 = Release|Any CPU
		{A41600F6-98E0-4A39-AC59-BE47ACA42BEB}.Release|x86.ActiveCfg = Release|Any CPU
		{A58FABD3-0EA8-4DF8-92B2-874120A97B24}.Debug|Any CPU.ActiveCfg = Debug|x86
		{A58FABD3-0EA8-4DF8-92B2-874120A97B24}.Debug|Mixed Platforms.ActiveCfg = Debug|x86
		{A58FABD3-0EA8-4DF8-92B2-874120A97B24}.Debug|Mixed Platforms.Build.0 = Debug|x86
		{A58FABD3-0EA8-4DF8-92B2-874120A97B24}.Debug|x86.ActiveCfg = Debug|x86
		{A58FABD3-0EA8-4DF8-92B2-874120A97B24}.Debug|x86.Build.0 = Debug|x86
		{A58FABD3-0EA8-4DF8-92B2-874120A97B24}.Release|Any CPU.ActiveCfg = Release|x86
		{A58FABD3-0EA8-4DF8-92B2-874120A97B24}.Release|Mixed Platforms.ActiveCfg = Release|x86
		{A58FABD3-0EA8-4DF8-92B2-874120A97B24}.Release|Mixed Platforms.Build.0 = Release|x86
		{A58FABD3-0EA8-4DF8-92B2-874120A97B24}.Release|x86.ActiveCfg = Release|x86
		{A58FABD3-0EA8-4DF8-92B2-874120A97B24}.Release|x86.Build.0 = Release|x86
		{E903F768-4B48-4447-B756-77F8BEFE843D}.Debug|Any CPU.ActiveCfg = Debug|x86
		{E903F768-4B48-4447-B756-77F8BEFE843D}.Debug|Mixed Platforms.ActiveCfg = Debug|x86
		{E903F768-4B48-4447-B756-77F8BEFE843D}.Debug|Mixed Platforms.Build.0 = Debug|x86
		{E903F768-4B48-4447-B756-77F8BEFE843D}.Debug|x86.ActiveCfg = Debug|x86
		{E903F768-4B48-4447-B756-77F8BEFE843D}.Debug|x86.Build.0 = Debug|x86
		{E903F768-4B48-4447-B756-77F8BEFE843D}.Release|Any CPU.ActiveCfg = Release|x86
		{E903F768-4B48-4447-B756-77F8BEFE843D}.Release|Mixed Platforms.ActiveCfg = Release|x86
		{E903F768-4B48-4447-B756-77F8BEFE843D}.Release|Mixed Platforms.Build.0 = Release|x86
		{E903F768-4B48-4447-B756-77F8BEFE843D}.Release|x86.ActiveCfg = Release|x86
		{E903F768-4B48-4447-B756-77F8BEFE843D}.Release|x86.Build.0 = Release|x86
	EndGlobalSection
	GlobalSection(SolutionProperties) = preSolution
		HideSolutionNode = FALSE
	EndGlobalSection
	GlobalSection(NestedProjects) = preSolution
		{3D1F8B12-DEC3-4453-955D-6BEA2878F46A} = {00DD247B-1096-4C57-A724-FFCA577067ED}
		{B5E5353F-037B-49E7-BD00-70557DB08B2F} = {BD399DFB-9A9C-4657-8970-D4E5F076AD10}
		{691037EC-8D84-488E-ADD3-205759982458} = {3F006996-A59D-4523-A58B-75636BD57D8E}
		{2370789E-6B67-47AB-86C7-15B95055F269} = {463CC398-407D-46FB-9CDF-7751A5612FDD}
		{BD840EB2-A60D-4985-BEC4-491574A32BA6} = {C9394F79-3A14-45A1-82B4-4F8C323F625A}
		{9ACA238B-F7AB-473C-B296-6851D018747A} = {7C8EA171-EFA4-4232-977B-24B19458AF8F}
		{D0CFE31A-F8E7-4D03-BBD7-0586C57E7AD3} = {B20534ED-367E-4CB1-928E-4BA2902ECEB3}
		{D13AF668-0883-41AD-A727-4D05986C5072} = {7179F820-128C-46C0-A8F7-CC410092702F}
		{F67A4F66-E223-4C8A-AF55-66069F574D94} = {1074F619-11B2-4612-B4CA-B1FD9D6E6DDA}
		{78A9B48F-A929-42B7-9C32-52F614233D7C} = {B20534ED-367E-4CB1-928E-4BA2902ECEB3}
		{516CBA7E-B7F6-4009-8283-9137DB6EFD92} = {5E92568F-4040-4205-855D-BA7DD03824D3}
		{28B9F59F-DC90-455E-BB70-18619768BE6E} = {5E92568F-4040-4205-855D-BA7DD03824D3}
		{17D75892-2DA2-4D81-B74F-3E5C5D2C9A95} = {5E92568F-4040-4205-855D-BA7DD03824D3}
		{8C8BCF26-6CB9-4A9F-916A-4AFD2E311073} = {5E92568F-4040-4205-855D-BA7DD03824D3}
		{90EFB6D5-1941-4FBC-8078-0E48A847DF1B} = {A72A3D7A-CC7A-4C33-BD61-2A4AEFA5E69F}
		{B3B72DBE-4647-4294-9C23-1A4B3C4DB2F1} = {B8E14C2F-C54F-41AA-A281-E9F6A7073E4E}
		{443A1809-AD87-43C2-BC4C-629959C36823} = {00DD247B-1096-4C57-A724-FFCA577067ED}
		{E42FAF9C-54CF-4796-8166-5F13EAFA0B2C} = {00DD247B-1096-4C57-A724-FFCA577067ED}
		{36B00D92-CBD8-4EE2-B8B0-8AD07B81F20B} = {00DD247B-1096-4C57-A724-FFCA577067ED}
		{46FE4BAA-C26B-4471-ABE4-43232F78C4C4} = {2BD777F4-8107-4F16-816F-6190FCDF15AD}
		{CB93D68C-9154-4550-8A64-A4D841EAC04F} = {2BD777F4-8107-4F16-816F-6190FCDF15AD}
		{A41600F6-98E0-4A39-AC59-BE47ACA42BEB} = {2BD777F4-8107-4F16-816F-6190FCDF15AD}
		{A58FABD3-0EA8-4DF8-92B2-874120A97B24} = {25D5C6E8-8058-432F-B80F-3E17D909933E}
		{E903F768-4B48-4447-B756-77F8BEFE843D} = {25D5C6E8-8058-432F-B80F-3E17D909933E}
	EndGlobalSection
EndGlobal
